
Microsoft Visual Studio Solution File, Format Version 12.00
# Visual Studio Version 17
VisualStudioVersion = 17.7.34221.43
MinimumVisualStudioVersion = 10.0.40219.1
Project("{FAE04EC0-301F-11D3-BF4B-00C04F79EFBC}") = "AppPoint", "AppPoint\AppPoint.csproj", "{4045D54F-DC36-4988-B358-84299551D064}"
EndProject
Project("{FAE04EC0-301F-11D3-BF4B-00C04F79EFBC}") = "Point", "Point\Point.csproj", "{154A44A2-5CA3-4E09-9F2B-8EB3AA7069C2}"
EndProject
Global
	GlobalSection(SolutionConfigurationPlatforms) = preSolution
		Debug|Any CPU = Debug|Any CPU
		Release|Any CPU = Release|Any CPU
	EndGlobalSection
	GlobalSection(ProjectConfigurationPlatforms) = postSolution
		{4045D54F-DC36-4988-B358-84299551D064}.Debug|Any CPU.ActiveCfg = Debug|Any CPU
		{4045D54F-DC36-4988-B358-84299551D064}.Debug|Any CPU.Build.0 = Debug|Any CPU
		{4045D54F-DC36-4988-B358-84299551D064}.Release|Any CPU.ActiveCfg = Release|Any CPU
		{4045D54F-DC36-4988-B358-84299551D064}.Release|Any CPU.Build.0 = Release|Any CPU
		{154A44A2-5CA3-4E09-9F2B-8EB3AA7069C2}.Debug|Any CPU.ActiveCfg = Debug|Any CPU
		{154A44A2-5CA3-4E09-9F2B-8EB3AA7069C2}.Debug|Any CPU.Build.0 = Debug|Any CPU
		{154A44A2-5CA3-4E09-9F2B-8EB3AA7069C2}.Release|Any CPU.ActiveCfg = Release|Any CPU
		{154A44A2-5CA3-4E09-9F2B-8EB3AA7069C2}.Release|Any CPU.Build.0 = Release|Any CPU
	EndGlobalSection
	GlobalSection(SolutionProperties) = preSolution
		HideSolutionNode = FALSE
	EndGlobalSection
	GlobalSection(ExtensibilityGlobals) = postSolution
		SolutionGuid = {AC479DC3-78F4-4FE8-9B3B-3A4E199C658E}
	EndGlobalSection
EndGlobal
